
Microsoft Visual Studio Solution File, Format Version 12.00
# Visual Studio Version 17
VisualStudioVersion = 17.8.34322.80
MinimumVisualStudioVersion = 10.0.40219.1
Project("{FAE04EC0-301F-11D3-BF4B-00C04F79EFBC}") = "WebApplicationTest", "WebApplicationTest.csproj", "{7EF27363-260F-4852-B7B1-634A9909A701}"
EndProject
Global
	GlobalSection(SolutionConfigurationPlatforms) = preSolution
		Debug|Any CPU = Debug|Any CPU
		Release|Any CPU = Release|Any CPU
	EndGlobalSection
	GlobalSection(ProjectConfigurationPlatforms) = postSolution
		{7EF27363-260F-4852-B7B1-634A9909A701}.Debug|Any CPU.ActiveCfg = Debug|Any CPU
		{7EF27363-260F-4852-B7B1-634A9909A701}.Debug|Any CPU.Build.0 = Debug|Any CPU
		{7EF27363-260F-4852-B7B1-634A9909A701}.Release|Any CPU.ActiveCfg = Release|Any CPU
		{7EF27363-260F-4852-B7B1-634A9909A701}.Release|Any CPU.Build.0 = Release|Any CPU
	EndGlobalSection
	GlobalSection(SolutionProperties) = preSolution
		HideSolutionNode = FALSE
	EndGlobalSection
	GlobalSection(ExtensibilityGlobals) = postSolution
		SolutionGuid = {CE90FA45-66E4-4ADD-AB16-58AB8748D821}
	EndGlobalSection
EndGlobal
